// !$*UTF8*$!
{
	archiveVersion = 1;
	classes = {
	};
	objectVersion = 46;
	objects = {

/* Begin PBXBuildFile section */
		3377BB9618123C160083F403 /* UIKit.framework in Frameworks */ = {isa = PBXBuildFile; fileRef = 3377BB9518123C160083F403 /* UIKit.framework */; };
		3377BB9818123C160083F403 /* Foundation.framework in Frameworks */ = {isa = PBXBuildFile; fileRef = 3377BB9718123C160083F403 /* Foundation.framework */; };
		3377BB9A18123C160083F403 /* CoreGraphics.framework in Frameworks */ = {isa = PBXBuildFile; fileRef = 3377BB9918123C160083F403 /* CoreGraphics.framework */; };
		3377BBA018123C160083F403 /* InfoPlist.strings in Resources */ = {isa = PBXBuildFile; fileRef = 3377BB9E18123C160083F403 /* InfoPlist.strings */; };
		3377BBA218123C160083F403 /* main.m in Sources */ = {isa = PBXBuildFile; fileRef = 3377BBA118123C160083F403 /* main.m */; };
		3377BBA618123C160083F403 /* AppDelegate.m in Sources */ = {isa = PBXBuildFile; fileRef = 3377BBA518123C160083F403 /* AppDelegate.m */; };
		3377BBA818123C160083F403 /* Default.png in Resources */ = {isa = PBXBuildFile; fileRef = 3377BBA718123C160083F403 /* Default.png */; };
		3377BBAA18123C160083F403 /* Default@2x.png in Resources */ = {isa = PBXBuildFile; fileRef = 3377BBA918123C160083F403 /* Default@2x.png */; };
		3377BBAC18123C160083F403 /* Default-568h@2x.png in Resources */ = {isa = PBXBuildFile; fileRef = 3377BBAB18123C160083F403 /* Default-568h@2x.png */; };
/* End PBXBuildFile section */

/* Begin PBXFileReference section */
		3377BB9218123C160083F403 /* TESTBANK.app */ = {isa = PBXFileReference; explicitFileType = wrapper.application; includeInIndex = 0; path = TESTBANK.app; sourceTree = BUILT_PRODUCTS_DIR; };
		3377BB9518123C160083F403 /* UIKit.framework */ = {isa = PBXFileReference; lastKnownFileType = wrapper.framework; name = UIKit.framework; path = System/Library/Frameworks/UIKit.framework; sourceTree = SDKROOT; };
		3377BB9718123C160083F403 /* Foundation.framework */ = {isa = PBXFileReference; lastKnownFileType = wrapper.framework; name = Foundation.framework; path = System/Library/Frameworks/Foundation.framework; sourceTree = SDKROOT; };
		3377BB9918123C160083F403 /* CoreGraphics.framework */ = {isa = PBXFileReference; lastKnownFileType = wrapper.framework; name = CoreGraphics.framework; path = System/Library/Frameworks/CoreGraphics.framework; sourceTree = SDKROOT; };
		3377BB9D18123C160083F403 /* TESTBANK-Info.plist */ = {isa = PBXFileReference; lastKnownFileType = text.plist.xml; path = "TESTBANK-Info.plist"; sourceTree = "<group>"; };
		3377BB9F18123C160083F403 /* en */ = {isa = PBXFileReference; lastKnownFileType = text.plist.strings; name = en; path = en.lproj/InfoPlist.strings; sourceTree = "<group>"; };
		3377BBA118123C160083F403 /* main.m */ = {isa = PBXFileReference; lastKnownFileType = sourcecode.c.objc; path = main.m; sourceTree = "<group>"; };
		3377BBA318123C160083F403 /* TESTBANK-Prefix.pch */ = {isa = PBXFileReference; lastKnownFileType = sourcecode.c.h; path = "TESTBANK-Prefix.pch"; sourceTree = "<group>"; };
		3377BBA418123C160083F403 /* AppDelegate.h */ = {isa = PBXFileReference; lastKnownFileType = sourcecode.c.h; path = AppDelegate.h; sourceTree = "<group>"; };
		3377BBA518123C160083F403 /* AppDelegate.m */ = {isa = PBXFileReference; lastKnownFileType = sourcecode.c.objc; path = AppDelegate.m; sourceTree = "<group>"; };
		3377BBA718123C160083F403 /* Default.png */ = {isa = PBXFileReference; lastKnownFileType = image.png; path = Default.png; sourceTree = "<group>"; };
		3377BBA918123C160083F403 /* Default@2x.png */ = {isa = PBXFileReference; lastKnownFileType = image.png; path = "Default@2x.png"; sourceTree = "<group>"; };
		3377BBAB18123C160083F403 /* Default-568h@2x.png */ = {isa = PBXFileReference; lastKnownFileType = image.png; path = "Default-568h@2x.png"; sourceTree = "<group>"; };
/* End PBXFileReference section */

/* Begin PBXFrameworksBuildPhase section */
		3377BB8F18123C160083F403 /* Frameworks */ = {
			isa = PBXFrameworksBuildPhase;
			buildActionMask = 2147483647;
			files = (
				3377BB9618123C160083F403 /* UIKit.framework in Frameworks */,
				3377BB9818123C160083F403 /* Foundation.framework in Frameworks */,
				3377BB9A18123C160083F403 /* CoreGraphics.framework in Frameworks */,
			);
			runOnlyForDeploymentPostprocessing = 0;
		};
/* End PBXFrameworksBuildPhase section */

/* Begin PBXGroup section */
		3377BB8918123C160083F403 = {
			isa = PBXGroup;
			children = (
				3377BB9B18123C160083F403 /* TESTBANK */,
				3377BB9418123C160083F403 /* Frameworks */,
				3377BB9318123C160083F403 /* Products */,
			);
			sourceTree = "<group>";
		};
		3377BB9318123C160083F403 /* Products */ = {
			isa = PBXGroup;
			children = (
				3377BB9218123C160083F403 /* TESTBANK.app */,
			);
			name = Products;
			sourceTree = "<group>";
		};
		3377BB9418123C160083F403 /* Frameworks */ = {
			isa = PBXGroup;
			children = (
				3377BB9518123C160083F403 /* UIKit.framework */,
				3377BB9718123C160083F403 /* Foundation.framework */,
				3377BB9918123C160083F403 /* CoreGraphics.framework */,
			);
			name = Frameworks;
			sourceTree = "<group>";
		};
		3377BB9B18123C160083F403 /* TESTBANK */ = {
			isa = PBXGroup;
			children = (
				3377BBA418123C160083F403 /* AppDelegate.h */,
				3377BBA518123C160083F403 /* AppDelegate.m */,
				3377BB9C18123C160083F403 /* Supporting Files */,
			);
			path = TESTBANK;
			sourceTree = "<group>";
		};
		3377BB9C18123C160083F403 /* Supporting Files */ = {
			isa = PBXGroup;
			children = (
				3377BB9D18123C160083F403 /* TESTBANK-Info.plist */,
				3377BB9E18123C160083F403 /* InfoPlist.strings */,
				3377BBA118123C160083F403 /* main.m */,
				3377BBA318123C160083F403 /* TESTBANK-Prefix.pch */,
				3377BBA718123C160083F403 /* Default.png */,
				3377BBA918123C160083F403 /* Default@2x.png */,
				3377BBAB18123C160083F403 /* Default-568h@2x.png */,
			);
			name = "Supporting Files";
			sourceTree = "<group>";
		};
/* End PBXGroup section */

/* Begin PBXNativeTarget section */
		3377BB9118123C160083F403 /* TESTBANK */ = {
			isa = PBXNativeTarget;
			buildConfigurationList = 3377BBAF18123C160083F403 /* Build configuration list for PBXNativeTarget "TESTBANK" */;
			buildPhases = (
				3377BB8E18123C160083F403 /* Sources */,
				3377BB8F18123C160083F403 /* Frameworks */,
				3377BB9018123C160083F403 /* Resources */,
			);
			buildRules = (
			);
			dependencies = (
			);
			name = TESTBANK;
			productName = TESTBANK;
			productReference = 3377BB9218123C160083F403 /* TESTBANK.app */;
			productType = "com.apple.product-type.application";
		};
/* End PBXNativeTarget section */

/* Begin PBXProject section */
		3377BB8A18123C160083F403 /* Project object */ = {
			isa = PBXProject;
			attributes = {
				LastUpgradeCheck = 0460;
				ORGANIZATIONNAME = test;
			};
			buildConfigurationList = 3377BB8D18123C160083F403 /* Build configuration list for PBXProject "TESTBANK" */;
			compatibilityVersion = "Xcode 3.2";
			developmentRegion = English;
			hasScannedForEncodings = 0;
			knownRegions = (
				en,
			);
			mainGroup = 3377BB8918123C160083F403;
			productRefGroup = 3377BB9318123C160083F403 /* Products */;
			projectDirPath = "";
			projectRoot = "";
			targets = (
				3377BB9118123C160083F403 /* TESTBANK */,
			);
		};
/* End PBXProject section */

/* Begin PBXResourcesBuildPhase section */
		3377BB9018123C160083F403 /* Resources */ = {
			isa = PBXResourcesBuildPhase;
			buildActionMask = 2147483647;
			files = (
				3377BBA018123C160083F403 /* InfoPlist.strings in Resources */,
				3377BBA818123C160083F403 /* Default.png in Resources */,
				3377BBAA18123C160083F403 /* Default@2x.png in Resources */,
				3377BBAC18123C160083F403 /* Default-568h@2x.png in Resources */,
			);
			runOnlyForDeploymentPostprocessing = 0;
		};
/* End PBXResourcesBuildPhase section */

/* Begin PBXSourcesBuildPhase section */
		3377BB8E18123C160083F403 /* Sources */ = {
			isa = PBXSourcesBuildPhase;
			buildActionMask = 2147483647;
			files = (
				3377BBA218123C160083F403 /* main.m in Sources */,
				3377BBA618123C160083F403 /* AppDelegate.m in Sources */,
			);
			runOnlyForDeploymentPostprocessing = 0;
		};
/* End PBXSourcesBuildPhase section */

/* Begin PBXVariantGroup section */
		3377BB9E18123C160083F403 /* InfoPlist.strings */ = {
			isa = PBXVariantGroup;
			children = (
				3377BB9F18123C160083F403 /* en */,
			);
			name = InfoPlist.strings;
			sourceTree = "<group>";
		};
/* End PBXVariantGroup section */

/* Begin XCBuildConfiguration section */
		3377BBAD18123C160083F403 /* Debug */ = {
			isa = XCBuildConfiguration;
			buildSettings = {
				ALWAYS_SEARCH_USER_PATHS = NO;
				CLANG_CXX_LANGUAGE_STANDARD = "gnu++0x";
				CLANG_CXX_LIBRARY = "libc++";
				CLANG_WARN_CONSTANT_CONVERSION = YES;
				CLANG_WARN_EMPTY_BODY = YES;
				CLANG_WARN_ENUM_CONVERSION = YES;
				CLANG_WARN_INT_CONVERSION = YES;
				CLANG_WARN__DUPLICATE_METHOD_MATCH = YES;
				"CODE_SIGN_IDENTITY[sdk=iphoneos*]" = "iPhone Developer";
				COPY_PHASE_STRIP = NO;
				GCC_C_LANGUAGE_STANDARD = gnu99;
				GCC_DYNAMIC_NO_PIC = NO;
				GCC_OPTIMIZATION_LEVEL = 0;
				GCC_PREPROCESSOR_DEFINITIONS = (
					"DEBUG=1",
					"$(inherited)",
				);
				GCC_SYMBOLS_PRIVATE_EXTERN = NO;
				GCC_WARN_ABOUT_RETURN_TYPE = YES;
				GCC_WARN_UNINITIALIZED_AUTOS = YES;
				GCC_WARN_UNUSED_VARIABLE = YES;
				IPHONEOS_DEPLOYMENT_TARGET = 6.1;
				ONLY_ACTIVE_ARCH = YES;
				SDKROOT = iphoneos;
			};
			name = Debug;
		};
		3377BBAE18123C160083F403 /* Release */ = {
			isa = XCBuildConfiguration;
			buildSettings = {
				ALWAYS_SEARCH_USER_PATHS = NO;
				CLANG_CXX_LANGUAGE_STANDARD = "gnu++0x";
				CLANG_CXX_LIBRARY = "libc++";
				CLANG_WARN_CONSTANT_CONVERSION = YES;
				CLANG_WARN_EMPTY_BODY = YES;
				CLANG_WARN_ENUM_CONVERSION = YES;
				CLANG_WARN_INT_CONVERSION = YES;
				CLANG_WARN__DUPLICATE_METHOD_MATCH = YES;
				"CODE_SIGN_IDENTITY[sdk=iphoneos*]" = "iPhone Developer";
				COPY_PHASE_STRIP = YES;
				GCC_C_LANGUAGE_STANDARD = gnu99;
				GCC_WARN_ABOUT_RETURN_TYPE = YES;
				GCC_WARN_UNINITIALIZED_AUTOS = YES;
				GCC_WARN_UNUSED_VARIABLE = YES;
				IPHONEOS_DEPLOYMENT_TARGET = 6.1;
				OTHER_CFLAGS = "-DNS_BLOCK_ASSERTIONS=1";
				SDKROOT = iphoneos;
				VALIDATE_PRODUCT = YES;
			};
			name = Release;
		};
		3377BBB018123C160083F403 /* Debug */ = {
			isa = XCBuildConfiguration;
			buildSettings = {
				GCC_PRECOMPILE_PREFIX_HEADER = YES;
				GCC_PREFIX_HEADER = "TESTBANK/TESTBANK-Prefix.pch";
				INFOPLIST_FILE = "TESTBANK/TESTBANK-Info.plist";
				PRODUCT_NAME = "$(TARGET_NAME)";
				WRAPPER_EXTENSION = app;
			};
			name = Debug;
		};
		3377BBB118123C160083F403 /* Release */ = {
			isa = XCBuildConfiguration;
			buildSettings = {
				GCC_PRECOMPILE_PREFIX_HEADER = YES;
				GCC_PREFIX_HEADER = "TESTBANK/TESTBANK-Prefix.pch";
				INFOPLIST_FILE = "TESTBANK/TESTBANK-Info.plist";
				PRODUCT_NAME = "$(TARGET_NAME)";
				WRAPPER_EXTENSION = app;
			};
			name = Release;
		};
/* End XCBuildConfiguration section */

/* Begin XCConfigurationList section */
		3377BB8D18123C160083F403 /* Build configuration list for PBXProject "TESTBANK" */ = {
			isa = XCConfigurationList;
			buildConfigurations = (
				3377BBAD18123C160083F403 /* Debug */,
				3377BBAE18123C160083F403 /* Release */,
			);
			defaultConfigurationIsVisible = 0;
			defaultConfigurationName = Release;
		};
		3377BBAF18123C160083F403 /* Build configuration list for PBXNativeTarget "TESTBANK" */ = {
			isa = XCConfigurationList;
			buildConfigurations = (
				3377BBB018123C160083F403 /* Debug */,
				3377BBB118123C160083F403 /* Release */,
			);
			defaultConfigurationIsVisible = 0;
		};
/* End XCConfigurationList section */
	};
	rootObject = 3377BB8A18123C160083F403 /* Project object */;
}
